
Microsoft Visual Studio Solution File, Format Version 12.00
# Visual Studio Version 16
VisualStudioVersion = 16.0.29728.190
MinimumVisualStudioVersion = 10.0.40219.1
Project("{FAE04EC0-301F-11D3-BF4B-00C04F79EFBC}") = "AnimalsProject", "AnimalsProject\AnimalsProject.csproj", "{B2115CCD-829E-4FDB-9631-7AEBCCF05B7B}"
EndProject
Project("{FAE04EC0-301F-11D3-BF4B-00C04F79EFBC}") = "AnimalLibrary", "AnimalLibrary\AnimalLibrary.csproj", "{E280353C-BBE5-4D61-8183-3AF4A47E517B}"
EndProject
Global
	GlobalSection(SolutionConfigurationPlatforms) = preSolution
		Debug|Any CPU = Debug|Any CPU
		Release|Any CPU = Release|Any CPU
	EndGlobalSection
	GlobalSection(ProjectConfigurationPlatforms) = postSolution
		{B2115CCD-829E-4FDB-9631-7AEBCCF05B7B}.Debug|Any CPU.ActiveCfg = Debug|Any CPU
		{B2115CCD-829E-4FDB-9631-7AEBCCF05B7B}.Debug|Any CPU.Build.0 = Debug|Any CPU
		{B2115CCD-829E-4FDB-9631-7AEBCCF05B7B}.Release|Any CPU.ActiveCfg = Release|Any CPU
		{B2115CCD-829E-4FDB-9631-7AEBCCF05B7B}.Release|Any CPU.Build.0 = Release|Any CPU
		{E280353C-BBE5-4D61-8183-3AF4A47E517B}.Debug|Any CPU.ActiveCfg = Debug|Any CPU
		{E280353C-BBE5-4D61-8183-3AF4A47E517B}.Debug|Any CPU.Build.0 = Debug|Any CPU
		{E280353C-BBE5-4D61-8183-3AF4A47E517B}.Release|Any CPU.ActiveCfg = Release|Any CPU
		{E280353C-BBE5-4D61-8183-3AF4A47E517B}.Release|Any CPU.Build.0 = Release|Any CPU
	EndGlobalSection
	GlobalSection(SolutionProperties) = preSolution
		HideSolutionNode = FALSE
	EndGlobalSection
	GlobalSection(ExtensibilityGlobals) = postSolution
		SolutionGuid = {974BACFE-A0A8-4EAE-875B-62DC3031B12B}
	EndGlobalSection
EndGlobal
